PODS:
  - Aspects (1.4.1)
  - MMNoBaseClass (0.0.2):
    - Aspects (~> 1.4.1)
    - MMNoBaseClass/ViewController (= 0.0.2)
  - MMNoBaseClass/ViewController (0.0.2):
    - Aspects (~> 1.4.1)

DEPENDENCIES:
  - MMNoBaseClass (from `../`)

SPEC REPOS:
  https://github.com/CocoaPods/Specs.git:
    - Aspects

EXTERNAL SOURCES:
  MMNoBaseClass:
    :path: "../"

SPEC CHECKSUMS:
  Aspects: 7595ba96a6727a58ebcbfc954497fc5d2fdde546
  MMNoBaseClass: 41716badcec3029824655e81ae5cb03167c3e6cd

PODFILE CHECKSUM: c0f400a89a38df2ab1a25a5e4c6fa9717f2e0b6e

COCOAPODS: 1.5.0
